// !$*UTF8*$!
{
	archiveVersion = 1;
	classes = {
	};
	objectVersion = 56;
	objects = {

/* Begin PBXBuildFile section */
		8302496A2BF287C900CF3199 /* SecretKeys.swift in Sources */ = {isa = PBXBuildFile; fileRef = 830249692BF287C900CF3199 /* SecretKeys.swift */; };
		837B70E82BDE9E2500EA6BAC /* weather_appApp.swift in Sources */ = {isa = PBXBuildFile; fileRef = 837B70E72BDE9E2500EA6BAC /* weather_appApp.swift */; };
		837B70EA2BDE9E2500EA6BAC /* ContentView.swift in Sources */ = {isa = PBXBuildFile; fileRef = 837B70E92BDE9E2500EA6BAC /* ContentView.swift */; };
		837B70EC2BDE9E2600EA6BAC /* Assets.xcassets in Resources */ = {isa = PBXBuildFile; fileRef = 837B70EB2BDE9E2600EA6BAC /* Assets.xcassets */; };
		837B70F02BDE9E2600EA6BAC /* Preview Assets.xcassets in Resources */ = {isa = PBXBuildFile; fileRef = 837B70EF2BDE9E2600EA6BAC /* Preview Assets.xcassets */; };
		837B70FA2BDE9E2600EA6BAC /* weather_appTests.swift in Sources */ = {isa = PBXBuildFile; fileRef = 837B70F92BDE9E2600EA6BAC /* weather_appTests.swift */; };
		837B71042BDE9E2600EA6BAC /* weather_appUITests.swift in Sources */ = {isa = PBXBuildFile; fileRef = 837B71032BDE9E2600EA6BAC /* weather_appUITests.swift */; };
		837B71062BDE9E2600EA6BAC /* weather_appUITestsLaunchTests.swift in Sources */ = {isa = PBXBuildFile; fileRef = 837B71052BDE9E2600EA6BAC /* weather_appUITestsLaunchTests.swift */; };
		837B71142BDEA11800EA6BAC /* HomePagePresenter.swift in Sources */ = {isa = PBXBuildFile; fileRef = 837B71132BDEA11800EA6BAC /* HomePagePresenter.swift */; };
		837B71162BDEA12C00EA6BAC /* HomePageInteractor.swift in Sources */ = {isa = PBXBuildFile; fileRef = 837B71152BDEA12C00EA6BAC /* HomePageInteractor.swift */; };
		837B71182BDEA13D00EA6BAC /* HomePageRouter.swift in Sources */ = {isa = PBXBuildFile; fileRef = 837B71172BDEA13D00EA6BAC /* HomePageRouter.swift */; };
		837B711A2BDEA14C00EA6BAC /* HomePageViewController.swift in Sources */ = {isa = PBXBuildFile; fileRef = 837B71192BDEA14C00EA6BAC /* HomePageViewController.swift */; };
		837B711C2BDEA7E000EA6BAC /* Entity.swift in Sources */ = {isa = PBXBuildFile; fileRef = 837B711B2BDEA7E000EA6BAC /* Entity.swift */; };
		839951452BE4E3E300FB3F83 /* WeatherAPIService.swift in Sources */ = {isa = PBXBuildFile; fileRef = 839951442BE4E3E300FB3F83 /* WeatherAPIService.swift */; };
		839A64C62BE009C4002DBA78 /* AppDelegate.swift in Sources */ = {isa = PBXBuildFile; fileRef = 839A64C52BE009C4002DBA78 /* AppDelegate.swift */; };
		839A64C82BE015B8002DBA78 /* SceneDelegate.swift in Sources */ = {isa = PBXBuildFile; fileRef = 839A64C72BE015B8002DBA78 /* SceneDelegate.swift */; };
/* End PBXBuildFile section */

/* Begin PBXContainerItemProxy section */
		837B70F62BDE9E2600EA6BAC /* PBXContainerItemProxy */ = {
			isa = PBXContainerItemProxy;
			containerPortal = 837B70DC2BDE9E2500EA6BAC /* Project object */;
			proxyType = 1;
			remoteGlobalIDString = 837B70E32BDE9E2500EA6BAC;
			remoteInfo = "weather-app";
		};
		837B71002BDE9E2600EA6BAC /* PBXContainerItemProxy */ = {
			isa = PBXContainerItemProxy;
			containerPortal = 837B70DC2BDE9E2500EA6BAC /* Project object */;
			proxyType = 1;
			remoteGlobalIDString = 837B70E32BDE9E2500EA6BAC;
			remoteInfo = "weather-app";
		};
/* End PBXContainerItemProxy section */

/* Begin PBXFileReference section */
		830249692BF287C900CF3199 /* SecretKeys.swift */ = {isa = PBXFileReference; fileEncoding = 4; lastKnownFileType = sourcecode.swift; path = SecretKeys.swift; sourceTree = "<group>"; };
		837B70E42BDE9E2500EA6BAC /* weather-app.app */ = {isa = PBXFileReference; explicitFileType = wrapper.application; includeInIndex = 0; path = "weather-app.app"; sourceTree = BUILT_PRODUCTS_DIR; };
		837B70E72BDE9E2500EA6BAC /* weather_appApp.swift */ = {isa = PBXFileReference; lastKnownFileType = sourcecode.swift; path = weather_appApp.swift; sourceTree = "<group>"; };
		837B70E92BDE9E2500EA6BAC /* ContentView.swift */ = {isa = PBXFileReference; lastKnownFileType = sourcecode.swift; path = ContentView.swift; sourceTree = "<group>"; };
		837B70EB2BDE9E2600EA6BAC /* Assets.xcassets */ = {isa = PBXFileReference; lastKnownFileType = folder.assetcatalog; path = Assets.xcassets; sourceTree = "<group>"; };
		837B70ED2BDE9E2600EA6BAC /* weather_app.entitlements */ = {isa = PBXFileReference; lastKnownFileType = text.plist.entitlements; path = weather_app.entitlements; sourceTree = "<group>"; };
		837B70EF2BDE9E2600EA6BAC /* Preview Assets.xcassets */ = {isa = PBXFileReference; lastKnownFileType = folder.assetcatalog; path = "Preview Assets.xcassets"; sourceTree = "<group>"; };
		837B70F52BDE9E2600EA6BAC /* weather-appTests.xctest */ = {isa = PBXFileReference; explicitFileType = wrapper.cfbundle; includeInIndex = 0; path = "weather-appTests.xctest"; sourceTree = BUILT_PRODUCTS_DIR; };
		837B70F92BDE9E2600EA6BAC /* weather_appTests.swift */ = {isa = PBXFileReference; lastKnownFileType = sourcecode.swift; path = weather_appTests.swift; sourceTree = "<group>"; };
		837B70FF2BDE9E2600EA6BAC /* weather-appUITests.xctest */ = {isa = PBXFileReference; explicitFileType = wrapper.cfbundle; includeInIndex = 0; path = "weather-appUITests.xctest"; sourceTree = BUILT_PRODUCTS_DIR; };
		837B71032BDE9E2600EA6BAC /* weather_appUITests.swift */ = {isa = PBXFileReference; lastKnownFileType = sourcecode.swift; path = weather_appUITests.swift; sourceTree = "<group>"; };
		837B71052BDE9E2600EA6BAC /* weather_appUITestsLaunchTests.swift */ = {isa = PBXFileReference; lastKnownFileType = sourcecode.swift; path = weather_appUITestsLaunchTests.swift; sourceTree = "<group>"; };
		837B71132BDEA11800EA6BAC /* HomePagePresenter.swift */ = {isa = PBXFileReference; lastKnownFileType = sourcecode.swift; path = HomePagePresenter.swift; sourceTree = "<group>"; };
		837B71152BDEA12C00EA6BAC /* HomePageInteractor.swift */ = {isa = PBXFileReference; lastKnownFileType = sourcecode.swift; path = HomePageInteractor.swift; sourceTree = "<group>"; };
		837B71172BDEA13D00EA6BAC /* HomePageRouter.swift */ = {isa = PBXFileReference; lastKnownFileType = sourcecode.swift; path = HomePageRouter.swift; sourceTree = "<group>"; };
		837B71192BDEA14C00EA6BAC /* HomePageViewController.swift */ = {isa = PBXFileReference; lastKnownFileType = sourcecode.swift; path = HomePageViewController.swift; sourceTree = "<group>"; };
		837B711B2BDEA7E000EA6BAC /* Entity.swift */ = {isa = PBXFileReference; lastKnownFileType = sourcecode.swift; path = Entity.swift; sourceTree = "<group>"; };
		839951442BE4E3E300FB3F83 /* WeatherAPIService.swift */ = {isa = PBXFileReference; lastKnownFileType = sourcecode.swift; path = WeatherAPIService.swift; sourceTree = "<group>"; };
		839A64C52BE009C4002DBA78 /* AppDelegate.swift */ = {isa = PBXFileReference; lastKnownFileType = sourcecode.swift; path = AppDelegate.swift; sourceTree = "<group>"; };
		839A64C72BE015B8002DBA78 /* SceneDelegate.swift */ = {isa = PBXFileReference; lastKnownFileType = sourcecode.swift; path = SceneDelegate.swift; sourceTree = "<group>"; };
/* End PBXFileReference section */

/* Begin PBXFrameworksBuildPhase section */
		837B70E12BDE9E2500EA6BAC /* Frameworks */ = {
			isa = PBXFrameworksBuildPhase;
			buildActionMask = 2147483647;
			files = (
			);
			runOnlyForDeploymentPostprocessing = 0;
		};
		837B70F22BDE9E2600EA6BAC /* Frameworks */ = {
			isa = PBXFrameworksBuildPhase;
			buildActionMask = 2147483647;
			files = (
			);
			runOnlyForDeploymentPostprocessing = 0;
		};
		837B70FC2BDE9E2600EA6BAC /* Frameworks */ = {
			isa = PBXFrameworksBuildPhase;
			buildActionMask = 2147483647;
			files = (
			);
			runOnlyForDeploymentPostprocessing = 0;
		};
/* End PBXFrameworksBuildPhase section */

/* Begin PBXGroup section */
		837B70DB2BDE9E2500EA6BAC = {
			isa = PBXGroup;
			children = (
				837B70E62BDE9E2500EA6BAC /* weather-app */,
				837B70F82BDE9E2600EA6BAC /* weather-appTests */,
				837B71022BDE9E2600EA6BAC /* weather-appUITests */,
				837B70E52BDE9E2500EA6BAC /* Products */,
			);
			sourceTree = "<group>";
		};
		837B70E52BDE9E2500EA6BAC /* Products */ = {
			isa = PBXGroup;
			children = (
				837B70E42BDE9E2500EA6BAC /* weather-app.app */,
				837B70F52BDE9E2600EA6BAC /* weather-appTests.xctest */,
				837B70FF2BDE9E2600EA6BAC /* weather-appUITests.xctest */,
			);
			name = Products;
			sourceTree = "<group>";
		};
		837B70E62BDE9E2500EA6BAC /* weather-app */ = {
			isa = PBXGroup;
			children = (
				839951432BE4E3BB00FB3F83 /* Service */,
				837B71122BDEA0E300EA6BAC /* HomePage */,
				837B70E72BDE9E2500EA6BAC /* weather_appApp.swift */,
				837B70E92BDE9E2500EA6BAC /* ContentView.swift */,
				837B70EB2BDE9E2600EA6BAC /* Assets.xcassets */,
				837B70ED2BDE9E2600EA6BAC /* weather_app.entitlements */,
				837B70EE2BDE9E2600EA6BAC /* Preview Content */,
				839A64C52BE009C4002DBA78 /* AppDelegate.swift */,
				830249692BF287C900CF3199 /* SecretKeys.swift */,
				839A64C72BE015B8002DBA78 /* SceneDelegate.swift */,
			);
			path = "weather-app";
			sourceTree = "<group>";
		};
		837B70EE2BDE9E2600EA6BAC /* Preview Content */ = {
			isa = PBXGroup;
			children = (
				837B70EF2BDE9E2600EA6BAC /* Preview Assets.xcassets */,
			);
			path = "Preview Content";
			sourceTree = "<group>";
		};
		837B70F82BDE9E2600EA6BAC /* weather-appTests */ = {
			isa = PBXGroup;
			children = (
				837B70F92BDE9E2600EA6BAC /* weather_appTests.swift */,
			);
			path = "weather-appTests";
			sourceTree = "<group>";
		};
		837B71022BDE9E2600EA6BAC /* weather-appUITests */ = {
			isa = PBXGroup;
			children = (
				837B71032BDE9E2600EA6BAC /* weather_appUITests.swift */,
				837B71052BDE9E2600EA6BAC /* weather_appUITestsLaunchTests.swift */,
			);
			path = "weather-appUITests";
			sourceTree = "<group>";
		};
		837B71122BDEA0E300EA6BAC /* HomePage */ = {
			isa = PBXGroup;
			children = (
				837B71132BDEA11800EA6BAC /* HomePagePresenter.swift */,
				837B71152BDEA12C00EA6BAC /* HomePageInteractor.swift */,
				837B71172BDEA13D00EA6BAC /* HomePageRouter.swift */,
				837B71192BDEA14C00EA6BAC /* HomePageViewController.swift */,
				837B711B2BDEA7E000EA6BAC /* Entity.swift */,
			);
			path = HomePage;
			sourceTree = "<group>";
		};
		839951432BE4E3BB00FB3F83 /* Service */ = {
			isa = PBXGroup;
			children = (
				839951442BE4E3E300FB3F83 /* WeatherAPIService.swift */,
			);
			path = Service;
			sourceTree = "<group>";
		};
/* End PBXGroup section */

/* Begin PBXNativeTarget section */
		837B70E32BDE9E2500EA6BAC /* weather-app */ = {
			isa = PBXNativeTarget;
			buildConfigurationList = 837B71092BDE9E2600EA6BAC /* Build configuration list for PBXNativeTarget "weather-app" */;
			buildPhases = (
				837B70E02BDE9E2500EA6BAC /* Sources */,
				837B70E12BDE9E2500EA6BAC /* Frameworks */,
				837B70E22BDE9E2500EA6BAC /* Resources */,
			);
			buildRules = (
			);
			dependencies = (
			);
			name = "weather-app";
			productName = "weather-app";
			productReference = 837B70E42BDE9E2500EA6BAC /* weather-app.app */;
			productType = "com.apple.product-type.application";
		};
		837B70F42BDE9E2600EA6BAC /* weather-appTests */ = {
			isa = PBXNativeTarget;
			buildConfigurationList = 837B710C2BDE9E2600EA6BAC /* Build configuration list for PBXNativeTarget "weather-appTests" */;
			buildPhases = (
				837B70F12BDE9E2600EA6BAC /* Sources */,
				837B70F22BDE9E2600EA6BAC /* Frameworks */,
				837B70F32BDE9E2600EA6BAC /* Resources */,
			);
			buildRules = (
			);
			dependencies = (
				837B70F72BDE9E2600EA6BAC /* PBXTargetDependency */,
			);
			name = "weather-appTests";
			productName = "weather-appTests";
			productReference = 837B70F52BDE9E2600EA6BAC /* weather-appTests.xctest */;
			productType = "com.apple.product-type.bundle.unit-test";
		};
		837B70FE2BDE9E2600EA6BAC /* weather-appUITests */ = {
			isa = PBXNativeTarget;
			buildConfigurationList = 837B710F2BDE9E2600EA6BAC /* Build configuration list for PBXNativeTarget "weather-appUITests" */;
			buildPhases = (
				837B70FB2BDE9E2600EA6BAC /* Sources */,
				837B70FC2BDE9E2600EA6BAC /* Frameworks */,
				837B70FD2BDE9E2600EA6BAC /* Resources */,
			);
			buildRules = (
			);
			dependencies = (
				837B71012BDE9E2600EA6BAC /* PBXTargetDependency */,
			);
			name = "weather-appUITests";
			productName = "weather-appUITests";
			productReference = 837B70FF2BDE9E2600EA6BAC /* weather-appUITests.xctest */;
			productType = "com.apple.product-type.bundle.ui-testing";
		};
/* End PBXNativeTarget section */

/* Begin PBXProject section */
		837B70DC2BDE9E2500EA6BAC /* Project object */ = {
			isa = PBXProject;
			attributes = {
				BuildIndependentTargetsInParallel = 1;
				LastSwiftUpdateCheck = 1530;
				LastUpgradeCheck = 1530;
				TargetAttributes = {
					837B70E32BDE9E2500EA6BAC = {
						CreatedOnToolsVersion = 15.3;
					};
					837B70F42BDE9E2600EA6BAC = {
						CreatedOnToolsVersion = 15.3;
						TestTargetID = 837B70E32BDE9E2500EA6BAC;
					};
					837B70FE2BDE9E2600EA6BAC = {
						CreatedOnToolsVersion = 15.3;
						TestTargetID = 837B70E32BDE9E2500EA6BAC;
					};
				};
			};
			buildConfigurationList = 837B70DF2BDE9E2500EA6BAC /* Build configuration list for PBXProject "weather-app" */;
			compatibilityVersion = "Xcode 14.0";
			developmentRegion = en;
			hasScannedForEncodings = 0;
			knownRegions = (
				en,
				Base,
			);
			mainGroup = 837B70DB2BDE9E2500EA6BAC;
			productRefGroup = 837B70E52BDE9E2500EA6BAC /* Products */;
			projectDirPath = "";
			projectRoot = "";
			targets = (
				837B70E32BDE9E2500EA6BAC /* weather-app */,
				837B70F42BDE9E2600EA6BAC /* weather-appTests */,
				837B70FE2BDE9E2600EA6BAC /* weather-appUITests */,
			);
		};
/* End PBXProject section */

/* Begin PBXResourcesBuildPhase section */
		837B70E22BDE9E2500EA6BAC /* Resources */ = {
			isa = PBXResourcesBuildPhase;
			buildActionMask = 2147483647;
			files = (
				837B70F02BDE9E2600EA6BAC /* Preview Assets.xcassets in Resources */,
				837B70EC2BDE9E2600EA6BAC /* Assets.xcassets in Resources */,
			);
			runOnlyForDeploymentPostprocessing = 0;
		};
		837B70F32BDE9E2600EA6BAC /* Resources */ = {
			isa = PBXResourcesBuildPhase;
			buildActionMask = 2147483647;
			files = (
			);
			runOnlyForDeploymentPostprocessing = 0;
		};
		837B70FD2BDE9E2600EA6BAC /* Resources */ = {
			isa = PBXResourcesBuildPhase;
			buildActionMask = 2147483647;
			files = (
			);
			runOnlyForDeploymentPostprocessing = 0;
		};
/* End PBXResourcesBuildPhase section */

/* Begin PBXSourcesBuildPhase section */
		837B70E02BDE9E2500EA6BAC /* Sources */ = {
			isa = PBXSourcesBuildPhase;
			buildActionMask = 2147483647;
			files = (
				839A64C62BE009C4002DBA78 /* AppDelegate.swift in Sources */,
				837B711C2BDEA7E000EA6BAC /* Entity.swift in Sources */,
				839A64C82BE015B8002DBA78 /* SceneDelegate.swift in Sources */,
				837B71162BDEA12C00EA6BAC /* HomePageInteractor.swift in Sources */,
				837B70EA2BDE9E2500EA6BAC /* ContentView.swift in Sources */,
				839951452BE4E3E300FB3F83 /* WeatherAPIService.swift in Sources */,
				837B711A2BDEA14C00EA6BAC /* HomePageViewController.swift in Sources */,
				837B70E82BDE9E2500EA6BAC /* weather_appApp.swift in Sources */,
				837B71182BDEA13D00EA6BAC /* HomePageRouter.swift in Sources */,
				837B71142BDEA11800EA6BAC /* HomePagePresenter.swift in Sources */,
				8302496A2BF287C900CF3199 /* SecretKeys.swift in Sources */,
			);
			runOnlyForDeploymentPostprocessing = 0;
		};
		837B70F12BDE9E2600EA6BAC /* Sources */ = {
			isa = PBXSourcesBuildPhase;
			buildActionMask = 2147483647;
			files = (
				837B70FA2BDE9E2600EA6BAC /* weather_appTests.swift in Sources */,
			);
			runOnlyForDeploymentPostprocessing = 0;
		};
		837B70FB2BDE9E2600EA6BAC /* Sources */ = {
			isa = PBXSourcesBuildPhase;
			buildActionMask = 2147483647;
			files = (
				837B71042BDE9E2600EA6BAC /* weather_appUITests.swift in Sources */,
				837B71062BDE9E2600EA6BAC /* weather_appUITestsLaunchTests.swift in Sources */,
			);
			runOnlyForDeploymentPostprocessing = 0;
		};
/* End PBXSourcesBuildPhase section */

/* Begin PBXTargetDependency section */
		837B70F72BDE9E2600EA6BAC /* PBXTargetDependency */ = {
			isa = PBXTargetDependency;
			target = 837B70E32BDE9E2500EA6BAC /* weather-app */;
			targetProxy = 837B70F62BDE9E2600EA6BAC /* PBXContainerItemProxy */;
		};
		837B71012BDE9E2600EA6BAC /* PBXTargetDependency */ = {
			isa = PBXTargetDependency;
			target = 837B70E32BDE9E2500EA6BAC /* weather-app */;
			targetProxy = 837B71002BDE9E2600EA6BAC /* PBXContainerItemProxy */;
		};
/* End PBXTargetDependency section */

/* Begin XCBuildConfiguration section */
		837B71072BDE9E2600EA6BAC /* Debug */ = {
			isa = XCBuildConfiguration;
			buildSettings = {
				ALWAYS_SEARCH_USER_PATHS = NO;
				ASSETCATALOG_COMPILER_GENERATE_SWIFT_ASSET_SYMBOL_EXTENSIONS = YES;
				CLANG_ANALYZER_NONNULL = YES;
				CLANG_ANALYZER_NUMBER_OBJECT_CONVERSION = YES_AGGRESSIVE;
				CLANG_CXX_LANGUAGE_STANDARD = "gnu++20";
				CLANG_ENABLE_MODULES = YES;
				CLANG_ENABLE_OBJC_ARC = YES;
				CLANG_ENABLE_OBJC_WEAK = YES;
				CLANG_WARN_BLOCK_CAPTURE_AUTORELEASING = YES;
				CLANG_WARN_BOOL_CONVERSION = YES;
				CLANG_WARN_COMMA = YES;
				CLANG_WARN_CONSTANT_CONVERSION = YES;
				CLANG_WARN_DEPRECATED_OBJC_IMPLEMENTATIONS = YES;
				CLANG_WARN_DIRECT_OBJC_ISA_USAGE = YES_ERROR;
				CLANG_WARN_DOCUMENTATION_COMMENTS = YES;
				CLANG_WARN_EMPTY_BODY = YES;
				CLANG_WARN_ENUM_CONVERSION = YES;
				CLANG_WARN_INFINITE_RECURSION = YES;
				CLANG_WARN_INT_CONVERSION = YES;
				CLANG_WARN_NON_LITERAL_NULL_CONVERSION = YES;
				CLANG_WARN_OBJC_IMPLICIT_RETAIN_SELF = YES;
				CLANG_WARN_OBJC_LITERAL_CONVERSION = YES;
				CLANG_WARN_OBJC_ROOT_CLASS = YES_ERROR;
				CLANG_WARN_QUOTED_INCLUDE_IN_FRAMEWORK_HEADER = YES;
				CLANG_WARN_RANGE_LOOP_ANALYSIS = YES;
				CLANG_WARN_STRICT_PROTOTYPES = YES;
				CLANG_WARN_SUSPICIOUS_MOVE = YES;
				CLANG_WARN_UNGUARDED_AVAILABILITY = YES_AGGRESSIVE;
				CLANG_WARN_UNREACHABLE_CODE = YES;
				CLANG_WARN__DUPLICATE_METHOD_MATCH = YES;
				COPY_PHASE_STRIP = NO;
				DEBUG_INFORMATION_FORMAT = dwarf;
				ENABLE_STRICT_OBJC_MSGSEND = YES;
				ENABLE_TESTABILITY = YES;
				ENABLE_USER_SCRIPT_SANDBOXING = YES;
				GCC_C_LANGUAGE_STANDARD = gnu17;
				GCC_DYNAMIC_NO_PIC = NO;
				GCC_NO_COMMON_BLOCKS = YES;
				GCC_OPTIMIZATION_LEVEL = 0;
				GCC_PREPROCESSOR_DEFINITIONS = (
					"DEBUG=1",
					"$(inherited)",
				);
				GCC_WARN_64_TO_32_BIT_CONVERSION = YES;
				GCC_WARN_ABOUT_RETURN_TYPE = YES_ERROR;
				GCC_WARN_UNDECLARED_SELECTOR = YES;
				GCC_WARN_UNINITIALIZED_AUTOS = YES_AGGRESSIVE;
				GCC_WARN_UNUSED_FUNCTION = YES;
				GCC_WARN_UNUSED_VARIABLE = YES;
				LOCALIZATION_PREFERS_STRING_CATALOGS = YES;
				MTL_ENABLE_DEBUG_INFO = INCLUDE_SOURCE;
				MTL_FAST_MATH = YES;
				ONLY_ACTIVE_ARCH = YES;
				SWIFT_ACTIVE_COMPILATION_CONDITIONS = "DEBUG $(inherited)";
				SWIFT_OPTIMIZATION_LEVEL = "-Onone";
			};
			name = Debug;
		};
		837B71082BDE9E2600EA6BAC /* Release */ = {
			isa = XCBuildConfiguration;
			buildSettings = {
				ALWAYS_SEARCH_USER_PATHS = NO;
				ASSETCATALOG_COMPILER_GENERATE_SWIFT_ASSET_SYMBOL_EXTENSIONS = YES;
				CLANG_ANALYZER_NONNULL = YES;
				CLANG_ANALYZER_NUMBER_OBJECT_CONVERSION = YES_AGGRESSIVE;
				CLANG_CXX_LANGUAGE_STANDARD = "gnu++20";
				CLANG_ENABLE_MODULES = YES;
				CLANG_ENABLE_OBJC_ARC = YES;
				CLANG_ENABLE_OBJC_WEAK = YES;
				CLANG_WARN_BLOCK_CAPTURE_AUTORELEASING = YES;
				CLANG_WARN_BOOL_CONVERSION = YES;
				CLANG_WARN_COMMA = YES;
				CLANG_WARN_CONSTANT_CONVERSION = YES;
				CLANG_WARN_DEPRECATED_OBJC_IMPLEMENTATIONS = YES;
				CLANG_WARN_DIRECT_OBJC_ISA_USAGE = YES_ERROR;
				CLANG_WARN_DOCUMENTATION_COMMENTS = YES;
				CLANG_WARN_EMPTY_BODY = YES;
				CLANG_WARN_ENUM_CONVERSION = YES;
				CLANG_WARN_INFINITE_RECURSION = YES;
				CLANG_WARN_INT_CONVERSION = YES;
				CLANG_WARN_NON_LITERAL_NULL_CONVERSION = YES;
				CLANG_WARN_OBJC_IMPLICIT_RETAIN_SELF = YES;
				CLANG_WARN_OBJC_LITERAL_CONVERSION = YES;
				CLANG_WARN_OBJC_ROOT_CLASS = YES_ERROR;
				CLANG_WARN_QUOTED_INCLUDE_IN_FRAMEWORK_HEADER = YES;
				CLANG_WARN_RANGE_LOOP_ANALYSIS = YES;
				CLANG_WARN_STRICT_PROTOTYPES = YES;
				CLANG_WARN_SUSPICIOUS_MOVE = YES;
				CLANG_WARN_UNGUARDED_AVAILABILITY = YES_AGGRESSIVE;
				CLANG_WARN_UNREACHABLE_CODE = YES;
				CLANG_WARN__DUPLICATE_METHOD_MATCH = YES;
				COPY_PHASE_STRIP = NO;
				DEBUG_INFORMATION_FORMAT = "dwarf-with-dsym";
				ENABLE_NS_ASSERTIONS = NO;
				ENABLE_STRICT_OBJC_MSGSEND = YES;
				ENABLE_USER_SCRIPT_SANDBOXING = YES;
				GCC_C_LANGUAGE_STANDARD = gnu17;
				GCC_NO_COMMON_BLOCKS = YES;
				GCC_WARN_64_TO_32_BIT_CONVERSION = YES;
				GCC_WARN_ABOUT_RETURN_TYPE = YES_ERROR;
				GCC_WARN_UNDECLARED_SELECTOR = YES;
				GCC_WARN_UNINITIALIZED_AUTOS = YES_AGGRESSIVE;
				GCC_WARN_UNUSED_FUNCTION = YES;
				GCC_WARN_UNUSED_VARIABLE = YES;
				LOCALIZATION_PREFERS_STRING_CATALOGS = YES;
				MTL_ENABLE_DEBUG_INFO = NO;
				MTL_FAST_MATH = YES;
				SWIFT_COMPILATION_MODE = wholemodule;
			};
			name = Release;
		};
		837B710A2BDE9E2600EA6BAC /* Debug */ = {
			isa = XCBuildConfiguration;
			buildSettings = {
				ASSETCATALOG_COMPILER_APPICON_NAME = AppIcon;
				ASSETCATALOG_COMPILER_GLOBAL_ACCENT_COLOR_NAME = AccentColor;
				CODE_SIGN_ENTITLEMENTS = "weather-app/weather_app.entitlements";
				CODE_SIGN_STYLE = Automatic;
				CURRENT_PROJECT_VERSION = 1;
				DEVELOPMENT_ASSET_PATHS = "\"weather-app/Preview Content\"";
				ENABLE_PREVIEWS = YES;
				GENERATE_INFOPLIST_FILE = YES;
				"INFOPLIST_KEY_UIApplicationSceneManifest_Generation[sdk=iphoneos*]" = YES;
				"INFOPLIST_KEY_UIApplicationSceneManifest_Generation[sdk=iphonesimulator*]" = YES;
				"INFOPLIST_KEY_UIApplicationSupportsIndirectInputEvents[sdk=iphoneos*]" = YES;
				"INFOPLIST_KEY_UIApplicationSupportsIndirectInputEvents[sdk=iphonesimulator*]" = YES;
				"INFOPLIST_KEY_UILaunchScreen_Generation[sdk=iphoneos*]" = YES;
				"INFOPLIST_KEY_UILaunchScreen_Generation[sdk=iphonesimulator*]" = YES;
				"INFOPLIST_KEY_UIStatusBarStyle[sdk=iphoneos*]" = UIStatusBarStyleDefault;
				"INFOPLIST_KEY_UIStatusBarStyle[sdk=iphonesimulator*]" = UIStatusBarStyleDefault;
				INFOPLIST_KEY_UISupportedInterfaceOrientations_iPad = "UIInterfaceOrientationPortrait UIInterfaceOrientationPortraitUpsideDown UIInterfaceOrientationLandscapeLeft UIInterfaceOrientationLandscapeRight";
				INFOPLIST_KEY_UISupportedInterfaceOrientations_iPhone = "UIInterfaceOrientationPortrait UIInterfaceOrientationLandscapeLeft UIInterfaceOrientationLandscapeRight";
				IPHONEOS_DEPLOYMENT_TARGET = 17.4;
				LD_RUNPATH_SEARCH_PATHS = "@executable_path/Frameworks";
				"LD_RUNPATH_SEARCH_PATHS[sdk=macosx*]" = "@executable_path/../Frameworks";
				MACOSX_DEPLOYMENT_TARGET = 14.4;
				MARKETING_VERSION = 1.0;
				PRODUCT_BUNDLE_IDENTIFIER = "arman.weather-app";
				PRODUCT_NAME = "$(TARGET_NAME)";
				SDKROOT = auto;
				SUPPORTED_PLATFORMS = "iphoneos iphonesimulator macosx";
				SWIFT_EMIT_LOC_STRINGS = YES;
				SWIFT_VERSION = 5.0;
				TARGETED_DEVICE_FAMILY = "1,2";
			};
			name = Debug;
		};
		837B710B2BDE9E2600EA6BAC /* Release */ = {
			isa = XCBuildConfiguration;
			buildSettings = {
				ASSETCATALOG_COMPILER_APPICON_NAME = AppIcon;
				ASSETCATALOG_COMPILER_GLOBAL_ACCENT_COLOR_NAME = AccentColor;
				CODE_SIGN_ENTITLEMENTS = "weather-app/weather_app.entitlements";
				CODE_SIGN_STYLE = Automatic;
				CURRENT_PROJECT_VERSION = 1;
				DEVELOPMENT_ASSET_PATHS = "\"weather-app/Preview Content\"";
				ENABLE_PREVIEWS = YES;
				GENERATE_INFOPLIST_FILE = YES;
				"INFOPLIST_KEY_UIApplicationSceneManifest_Generation[sdk=iphoneos*]" = YES;
				"INFOPLIST_KEY_UIApplicationSceneManifest_Generation[sdk=iphonesimulator*]" = YES;
				"INFOPLIST_KEY_UIApplicationSupportsIndirectInputEvents[sdk=iphoneos*]" = YES;
				"INFOPLIST_KEY_UIApplicationSupportsIndirectInputEvents[sdk=iphonesimulator*]" = YES;
				"INFOPLIST_KEY_UILaunchScreen_Generation[sdk=iphoneos*]" = YES;
				"INFOPLIST_KEY_UILaunchScreen_Generation[sdk=iphonesimulator*]" = YES;
				"INFOPLIST_KEY_UIStatusBarStyle[sdk=iphoneos*]" = UIStatusBarStyleDefault;
				"INFOPLIST_KEY_UIStatusBarStyle[sdk=iphonesimulator*]" = UIStatusBarStyleDefault;
				INFOPLIST_KEY_UISupportedInterfaceOrientations_iPad = "UIInterfaceOrientationPortrait UIInterfaceOrientationPortraitUpsideDown UIInterfaceOrientationLandscapeLeft UIInterfaceOrientationLandscapeRight";
				INFOPLIST_KEY_UISupportedInterfaceOrientations_iPhone = "UIInterfaceOrientationPortrait UIInterfaceOrientationLandscapeLeft UIInterfaceOrientationLandscapeRight";
				IPHONEOS_DEPLOYMENT_TARGET = 17.4;
				LD_RUNPATH_SEARCH_PATHS = "@executable_path/Frameworks";
				"LD_RUNPATH_SEARCH_PATHS[sdk=macosx*]" = "@executable_path/../Frameworks";
				MACOSX_DEPLOYMENT_TARGET = 14.4;
				MARKETING_VERSION = 1.0;
				PRODUCT_BUNDLE_IDENTIFIER = "arman.weather-app";
				PRODUCT_NAME = "$(TARGET_NAME)";
				SDKROOT = auto;
				SUPPORTED_PLATFORMS = "iphoneos iphonesimulator macosx";
				SWIFT_EMIT_LOC_STRINGS = YES;
				SWIFT_VERSION = 5.0;
				TARGETED_DEVICE_FAMILY = "1,2";
			};
			name = Release;
		};
		837B710D2BDE9E2600EA6BAC /* Debug */ = {
			isa = XCBuildConfiguration;
			buildSettings = {
				ALWAYS_EMBED_SWIFT_STANDARD_LIBRARIES = YES;
				BUNDLE_LOADER = "$(TEST_HOST)";
				CODE_SIGN_STYLE = Automatic;
				CURRENT_PROJECT_VERSION = 1;
				GENERATE_INFOPLIST_FILE = YES;
				IPHONEOS_DEPLOYMENT_TARGET = 17.4;
				MACOSX_DEPLOYMENT_TARGET = 14.4;
				MARKETING_VERSION = 1.0;
				PRODUCT_BUNDLE_IDENTIFIER = "arman.weather-appTests";
				PRODUCT_NAME = "$(TARGET_NAME)";
				SDKROOT = auto;
				SUPPORTED_PLATFORMS = "iphoneos iphonesimulator macosx";
				SWIFT_EMIT_LOC_STRINGS = NO;
				SWIFT_VERSION = 5.0;
				TARGETED_DEVICE_FAMILY = "1,2";
				TEST_HOST = "$(BUILT_PRODUCTS_DIR)/weather-app.app/$(BUNDLE_EXECUTABLE_FOLDER_PATH)/weather-app";
			};
			name = Debug;
		};
		837B710E2BDE9E2600EA6BAC /* Release */ = {
			isa = XCBuildConfiguration;
			buildSettings = {
				ALWAYS_EMBED_SWIFT_STANDARD_LIBRARIES = YES;
				BUNDLE_LOADER = "$(TEST_HOST)";
				CODE_SIGN_STYLE = Automatic;
				CURRENT_PROJECT_VERSION = 1;
				GENERATE_INFOPLIST_FILE = YES;
				IPHONEOS_DEPLOYMENT_TARGET = 17.4;
				MACOSX_DEPLOYMENT_TARGET = 14.4;
				MARKETING_VERSION = 1.0;
				PRODUCT_BUNDLE_IDENTIFIER = "arman.weather-appTests";
				PRODUCT_NAME = "$(TARGET_NAME)";
				SDKROOT = auto;
				SUPPORTED_PLATFORMS = "iphoneos iphonesimulator macosx";
				SWIFT_EMIT_LOC_STRINGS = NO;
				SWIFT_VERSION = 5.0;
				TARGETED_DEVICE_FAMILY = "1,2";
				TEST_HOST = "$(BUILT_PRODUCTS_DIR)/weather-app.app/$(BUNDLE_EXECUTABLE_FOLDER_PATH)/weather-app";
			};
			name = Release;
		};
		837B71102BDE9E2600EA6BAC /* Debug */ = {
			isa = XCBuildConfiguration;
			buildSettings = {
				ALWAYS_EMBED_SWIFT_STANDARD_LIBRARIES = YES;
				CODE_SIGN_STYLE = Automatic;
				CURRENT_PROJECT_VERSION = 1;
				GENERATE_INFOPLIST_FILE = YES;
				IPHONEOS_DEPLOYMENT_TARGET = 17.4;
				MACOSX_DEPLOYMENT_TARGET = 14.4;
				MARKETING_VERSION = 1.0;
				PRODUCT_BUNDLE_IDENTIFIER = "arman.weather-appUITests";
				PRODUCT_NAME = "$(TARGET_NAME)";
				SDKROOT = auto;
				SUPPORTED_PLATFORMS = "iphoneos iphonesimulator macosx";
				SWIFT_EMIT_LOC_STRINGS = NO;
				SWIFT_VERSION = 5.0;
				TARGETED_DEVICE_FAMILY = "1,2";
				TEST_TARGET_NAME = "weather-app";
			};
			name = Debug;
		};
		837B71112BDE9E2600EA6BAC /* Release */ = {
			isa = XCBuildConfiguration;
			buildSettings = {
				ALWAYS_EMBED_SWIFT_STANDARD_LIBRARIES = YES;
				CODE_SIGN_STYLE = Automatic;
				CURRENT_PROJECT_VERSION = 1;
				GENERATE_INFOPLIST_FILE = YES;
				IPHONEOS_DEPLOYMENT_TARGET = 17.4;
				MACOSX_DEPLOYMENT_TARGET = 14.4;
				MARKETING_VERSION = 1.0;
				PRODUCT_BUNDLE_IDENTIFIER = "arman.weather-appUITests";
				PRODUCT_NAME = "$(TARGET_NAME)";
				SDKROOT = auto;
				SUPPORTED_PLATFORMS = "iphoneos iphonesimulator macosx";
				SWIFT_EMIT_LOC_STRINGS = NO;
				SWIFT_VERSION = 5.0;
				TARGETED_DEVICE_FAMILY = "1,2";
				TEST_TARGET_NAME = "weather-app";
			};
			name = Release;
		};
/* End XCBuildConfiguration section */

/* Begin XCConfigurationList section */
		837B70DF2BDE9E2500EA6BAC /* Build configuration list for PBXProject "weather-app" */ = {
			isa = XCConfigurationList;
			buildConfigurations = (
				837B71072BDE9E2600EA6BAC /* Debug */,
				837B71082BDE9E2600EA6BAC /* Release */,
			);
			defaultConfigurationIsVisible = 0;
			defaultConfigurationName = Release;
		};
		837B71092BDE9E2600EA6BAC /* Build configuration list for PBXNativeTarget "weather-app" */ = {
			isa = XCConfigurationList;
			buildConfigurations = (
				837B710A2BDE9E2600EA6BAC /* Debug */,
				837B710B2BDE9E2600EA6BAC /* Release */,
			);
			defaultConfigurationIsVisible = 0;
			defaultConfigurationName = Release;
		};
		837B710C2BDE9E2600EA6BAC /* Build configuration list for PBXNativeTarget "weather-appTests" */ = {
			isa = XCConfigurationList;
			buildConfigurations = (
				837B710D2BDE9E2600EA6BAC /* Debug */,
				837B710E2BDE9E2600EA6BAC /* Release */,
			);
			defaultConfigurationIsVisible = 0;
			defaultConfigurationName = Release;
		};
		837B710F2BDE9E2600EA6BAC /* Build configuration list for PBXNativeTarget "weather-appUITests" */ = {
			isa = XCConfigurationList;
			buildConfigurations = (
				837B71102BDE9E2600EA6BAC /* Debug */,
				837B71112BDE9E2600EA6BAC /* Release */,
			);
			defaultConfigurationIsVisible = 0;
			defaultConfigurationName = Release;
		};
/* End XCConfigurationList section */
	};
	rootObject = 837B70DC2BDE9E2500EA6BAC /* Project object */;
}
